{
  "name": "gantt-task-react-example",
  "version": "0.0.0",
  "lockfileVersion": 2,
  "requires": true,
  "packages": {
    "": {
      "name": "gantt-task-react-example",
      "version": "0.0.0",
      "dependencies": {
        "@testing-library/jest-dom": "file:../node_modules/@testing-library/jest-dom",
        "@testing-library/react": "file:../node_modules/@testing-library/react",
        "@testing-library/user-event": "file:../node_modules/@testing-library/user-event",
        "@types/jest": "file:../node_modules/@types/jest",
        "@types/node": "file:../node_modules/@types/node",
        "@types/react": "file:../node_modules/@types/react",
        "@types/react-dom": "file:../node_modules/@types/react-dom",
        "gantt-task-react": "file:..",
        "postcss-preset-env": "file:../node_modules/postcss-preset-env",
        "react": "file:../node_modules/react",
        "react-dom": "file:../node_modules/react-dom",
        "react-scripts": "file:../node_modules/react-scripts"
      },
      "devDependencies": {}
    },
    "..": {
      "version": "0.3.9",
      "license": "MIT",
      "devDependencies": {
        "@testing-library/jest-dom": "^5.16.4",
        "@testing-library/react": "^13.3.0",
        "@testing-library/user-event": "^14.2.1",
        "@types/jest": "^27.5.1",
        "@types/node": "^15.0.1",
        "@types/react": "^18.0.5",
        "@types/react-dom": "^18.0.5",
        "cross-env": "^7.0.3",
        "gh-pages": "^3.1.0",
        "microbundle-crl": "^0.13.11",
        "mini-css-extract-plugin": "^2.5.1",
        "npm-run-all": "^4.1.5",
        "postcss-flexbugs-fixes": "^5.0.2",
        "postcss-normalize": "^10.0.1",
        "postcss-preset-env": "^7.6.0",
        "prettier": "^2.7.1",
        "react": "^18.2.0",
        "react-dom": "^18.2.0",
        "react-scripts": "^5.0.1",
        "typescript": "^4.7.4"
      },
      "engines": {
        "node": ">=10"
      },
      "peerDependencies": {
        "react": "^18.0.0"
      }
    },
    "../node_modules/@testing-library/jest-dom": {
      "version": "5.16.1",
      "license": "MIT",
      "dependencies": {
        "@babel/runtime": "^7.9.2",
        "@types/testing-library__jest-dom": "^5.9.1",
        "aria-query": "^5.0.0",
        "chalk": "^3.0.0",
        "css": "^3.0.0",
        "css.escape": "^1.5.1",
        "dom-accessibility-api": "^0.5.6",
        "lodash": "^4.17.15",
        "redent": "^3.0.0"
      },
      "engines": {
        "node": ">=8",
        "npm": ">=6",
        "yarn": ">=1"
      }
    },
    "../node_modules/@testing-library/react": {
      "version": "11.2.7",
      "license": "MIT",
      "dependencies": {
        "@babel/runtime": "^7.12.5",
        "@testing-library/dom": "^7.28.1"
      },
      "engines": {
        "node": ">=10"
      },
      "peerDependencies": {
        "react": "*",
        "react-dom": "*"
      }
    },
    "../node_modules/@testing-library/user-event": {
      "version": "13.5.0",
      "license": "MIT",
      "dependencies": {
        "@babel/runtime": "^7.12.5"
      },
      "engines": {
        "node": ">=10",
        "npm": ">=6"
      },
      "peerDependencies": {
        "@testing-library/dom": ">=7.21.4"
      }
    },
    "../node_modules/@types/jest": {
      "version": "26.0.24",
      "license": "MIT",
      "dependencies": {
        "jest-diff": "^26.0.0",
        "pretty-format": "^26.0.0"
      }
    },
    "../node_modules/@types/node": {
      "version": "15.14.9",
      "license": "MIT"
    },
    "../node_modules/@types/react": {
      "version": "17.0.38",
      "license": "MIT",
      "dependencies": {
        "@types/prop-types": "*",
        "@types/scheduler": "*",
        "csstype": "^3.0.2"
      }
    },
    "../node_modules/@types/react-dom": {
      "version": "17.0.11",
      "license": "MIT",
      "dependencies": {
        "@types/react": "*"
      }
    },
    "../node_modules/postcss-preset-env": {
      "version": "7.2.3",
      "license": "CC0-1.0",
      "dependencies": {
        "autoprefixer": "^10.4.2",
        "browserslist": "^4.19.1",
        "caniuse-lite": "^1.0.30001299",
        "css-blank-pseudo": "^3.0.2",
        "css-has-pseudo": "^3.0.3",
        "css-prefers-color-scheme": "^6.0.2",
        "cssdb": "^5.0.0",
        "postcss-attribute-case-insensitive": "^5.0.0",
        "postcss-color-functional-notation": "^4.2.1",
        "postcss-color-hex-alpha": "^8.0.2",
        "postcss-color-rebeccapurple": "^7.0.2",
        "postcss-custom-media": "^8.0.0",
        "postcss-custom-properties": "^12.1.2",
        "postcss-custom-selectors": "^6.0.0",
        "postcss-dir-pseudo-class": "^6.0.3",
        "postcss-double-position-gradients": "^3.0.4",
        "postcss-env-function": "^4.0.4",
        "postcss-focus-visible": "^6.0.3",
        "postcss-focus-within": "^5.0.3",
        "postcss-font-variant": "^5.0.0",
        "postcss-gap-properties": "^3.0.2",
        "postcss-image-set-function": "^4.0.4",
        "postcss-initial": "^4.0.1",
        "postcss-lab-function": "^4.0.3",
        "postcss-logical": "^5.0.3",
        "postcss-media-minmax": "^5.0.0",
        "postcss-nesting": "^10.1.2",
        "postcss-overflow-shorthand": "^3.0.2",
        "postcss-page-break": "^3.0.4",
        "postcss-place": "^7.0.3",
        "postcss-pseudo-class-any-link": "^7.0.2",
        "postcss-replace-overflow-wrap": "^4.0.0",
        "postcss-selector-not": "^5.0.0"
      },
      "engines": {
        "node": "^12 || ^14 || >=16"
      },
      "peerDependencies": {
        "postcss": "^8.4"
      }
    },
    "../node_modules/react": {
      "version": "17.0.2",
      "license": "MIT",
      "dependencies": {
        "loose-envify": "^1.1.0",
        "object-assign": "^4.1.1"
      },
      "engines": {
        "node": ">=0.10.0"
      }
    },
    "../node_modules/react-dom": {
      "version": "17.0.2",
      "license": "MIT",
      "dependencies": {
        "loose-envify": "^1.1.0",
        "object-assign": "^4.1.1",
        "scheduler": "^0.20.2"
      },
      "peerDependencies": {
        "react": "17.0.2"
      }
    },
    "../node_modules/react-scripts": {
      "version": "5.0.0",
      "license": "MIT",
      "dependencies": {
        "@babel/core": "^7.16.0",
        "@pmmmwh/react-refresh-webpack-plugin": "^0.5.3",
        "@svgr/webpack": "^5.5.0",
        "babel-jest": "^27.4.2",
        "babel-loader": "^8.2.3",
        "babel-plugin-named-asset-import": "^0.3.8",
        "babel-preset-react-app": "^10.0.1",
        "bfj": "^7.0.2",
        "browserslist": "^4.18.1",
        "camelcase": "^6.2.1",
        "case-sensitive-paths-webpack-plugin": "^2.4.0",
        "css-loader": "^6.5.1",
        "css-minimizer-webpack-plugin": "^3.2.0",
        "dotenv": "^10.0.0",
        "dotenv-expand": "^5.1.0",
        "eslint": "^8.3.0",
        "eslint-config-react-app": "^7.0.0",
        "eslint-webpack-plugin": "^3.1.1",
        "file-loader": "^6.2.0",
        "fs-extra": "^10.0.0",
        "html-webpack-plugin": "^5.5.0",
        "identity-obj-proxy": "^3.0.0",
        "jest": "^27.4.3",
        "jest-resolve": "^27.4.2",
        "jest-watch-typeahead": "^1.0.0",
        "mini-css-extract-plugin": "^2.4.5",
        "postcss": "^8.4.4",
        "postcss-flexbugs-fixes": "^5.0.2",
        "postcss-loader": "^6.2.1",
        "postcss-normalize": "^10.0.1",
        "postcss-preset-env": "^7.0.1",
        "prompts": "^2.4.2",
        "react-app-polyfill": "^3.0.0",
        "react-dev-utils": "^12.0.0",
        "react-refresh": "^0.11.0",
        "resolve": "^1.20.0",
        "resolve-url-loader": "^4.0.0",
        "sass-loader": "^12.3.0",
        "semver": "^7.3.5",
        "source-map-loader": "^3.0.0",
        "style-loader": "^3.3.1",
        "tailwindcss": "^3.0.2",
        "terser-webpack-plugin": "^5.2.5",
        "webpack": "^5.64.4",
        "webpack-dev-server": "^4.6.0",
        "webpack-manifest-plugin": "^4.0.2",
        "workbox-webpack-plugin": "^6.4.1"
      },
      "bin": {
        "react-scripts": "bin/react-scripts.js"
      },
      "engines": {
        "node": ">=14.0.0"
      },
      "optionalDependencies": {
        "fsevents": "^2.3.2"
      },
      "peerDependencies": {
        "react": ">= 16",
        "typescript": "^3.2.1 || ^4"
      },
      "peerDependenciesMeta": {
        "typescript": {
          "optional": true
        }
      }
    },
    "node_modules/@testing-library/jest-dom": {
      "resolved": "../node_modules/@testing-library/jest-dom",
      "link": true
    },
    "node_modules/@testing-library/react": {
      "resolved": "../node_modules/@testing-library/react",
      "link": true
    },
    "node_modules/@testing-library/user-event": {
      "resolved": "../node_modules/@testing-library/user-event",
      "link": true
    },
    "node_modules/@types/jest": {
      "resolved": "../node_modules/@types/jest",
      "link": true
    },
    "node_modules/@types/node": {
      "resolved": "../node_modules/@types/node",
      "link": true
    },
    "node_modules/@types/react": {
      "resolved": "../node_modules/@types/react",
      "link": true
    },
    "node_modules/@types/react-dom": {
      "resolved": "../node_modules/@types/react-dom",
      "link": true
    },
    "node_modules/gantt-task-react": {
      "resolved": "..",
      "link": true
    },
    "node_modules/postcss-preset-env": {
      "resolved": "../node_modules/postcss-preset-env",
      "link": true
    },
    "node_modules/react": {
      "resolved": "../node_modules/react",
      "link": true
    },
    "node_modules/react-dom": {
      "resolved": "../node_modules/react-dom",
      "link": true
    },
    "node_modules/react-scripts": {
      "resolved": "../node_modules/react-scripts",
      "link": true
    }
  },
  "dependencies": {
    "@testing-library/jest-dom": {
      "version": "file:../node_modules/@testing-library/jest-dom",
      "requires": {
        "@babel/runtime": "^7.9.2",
        "@types/testing-library__jest-dom": "^5.9.1",
        "aria-query": "^5.0.0",
        "chalk": "^3.0.0",
        "css": "^3.0.0",
        "css.escape": "^1.5.1",
        "dom-accessibility-api": "^0.5.6",
        "lodash": "^4.17.15",
        "redent": "^3.0.0"
      }
    },
    "@testing-library/react": {
      "version": "file:../node_modules/@testing-library/react",
      "requires": {
        "@babel/runtime": "^7.12.5",
        "@testing-library/dom": "^7.28.1"
      }
    },
    "@testing-library/user-event": {
      "version": "file:../node_modules/@testing-library/user-event",
      "requires": {
        "@babel/runtime": "^7.12.5"
      }
    },
    "@types/jest": {
      "version": "file:../node_modules/@types/jest",
      "requires": {
        "jest-diff": "^26.0.0",
        "pretty-format": "^26.0.0"
      }
    },
    "@types/node": {
      "version": "file:../node_modules/@types/node"
    },
    "@types/react": {
      "version": "file:../node_modules/@types/react",
      "requires": {
        "@types/prop-types": "*",
        "@types/scheduler": "*",
        "csstype": "^3.0.2"
      }
    },
    "@types/react-dom": {
      "version": "file:../node_modules/@types/react-dom",
      "requires": {
        "@types/react": "*"
      }
    },
    "gantt-task-react": {
      "version": "file:..",
      "requires": {
        "@testing-library/jest-dom": "^5.16.4",
        "@testing-library/react": "^13.3.0",
        "@testing-library/user-event": "^14.2.1",
        "@types/jest": "^27.5.1",
        "@types/node": "^15.0.1",
        "@types/react": "^18.0.5",
        "@types/react-dom": "^18.0.5",
        "cross-env": "^7.0.3",
        "gh-pages": "^3.1.0",
        "microbundle-crl": "^0.13.11",
        "mini-css-extract-plugin": "^2.5.1",
        "npm-run-all": "^4.1.5",
        "postcss-flexbugs-fixes": "^5.0.2",
        "postcss-normalize": "^10.0.1",
        "postcss-preset-env": "^7.6.0",
        "prettier": "^2.7.1",
        "react": "^18.2.0",
        "react-dom": "^18.2.0",
        "react-scripts": "^5.0.1",
        "typescript": "^4.7.4"
      },
      "dependencies": {
        "@testing-library/jest-dom": {
          "version": "5.16.1",
          "requires": {
            "@babel/runtime": "^7.9.2",
            "@types/testing-library__jest-dom": "^5.9.1",
            "aria-query": "^5.0.0",
            "chalk": "^3.0.0",
            "css": "^3.0.0",
            "css.escape": "^1.5.1",
            "dom-accessibility-api": "^0.5.6",
            "lodash": "^4.17.15",
            "redent": "^3.0.0"
          }
        },
        "@testing-library/react": {
          "version": "11.2.7",
          "requires": {
            "@babel/runtime": "^7.12.5",
            "@testing-library/dom": "^7.28.1"
          }
        },
        "@testing-library/user-event": {
          "version": "13.5.0",
          "requires": {
            "@babel/runtime": "^7.12.5"
          }
        },
        "@types/jest": {
          "version": "26.0.24",
          "requires": {
            "jest-diff": "^26.0.0",
            "pretty-format": "^26.0.0"
          }
        },
        "@types/node": {
          "version": "15.14.9"
        },
        "@types/react": {
          "version": "17.0.38",
          "requires": {
            "@types/prop-types": "*",
            "@types/scheduler": "*",
            "csstype": "^3.0.2"
          }
        },
        "@types/react-dom": {
          "version": "17.0.11",
          "requires": {
            "@types/react": "*"
          }
        },
        "postcss-preset-env": {
          "version": "7.2.3",
          "requires": {
            "autoprefixer": "^10.4.2",
            "browserslist": "^4.19.1",
            "caniuse-lite": "^1.0.30001299",
            "css-blank-pseudo": "^3.0.2",
            "css-has-pseudo": "^3.0.3",
            "css-prefers-color-scheme": "^6.0.2",
            "cssdb": "^5.0.0",
            "postcss-attribute-case-insensitive": "^5.0.0",
            "postcss-color-functional-notation": "^4.2.1",
            "postcss-color-hex-alpha": "^8.0.2",
            "postcss-color-rebeccapurple": "^7.0.2",
            "postcss-custom-media": "^8.0.0",
            "postcss-custom-properties": "^12.1.2",
            "postcss-custom-selectors": "^6.0.0",
            "postcss-dir-pseudo-class": "^6.0.3",
            "postcss-double-position-gradients": "^3.0.4",
            "postcss-env-function": "^4.0.4",
            "postcss-focus-visible": "^6.0.3",
            "postcss-focus-within": "^5.0.3",
            "postcss-font-variant": "^5.0.0",
            "postcss-gap-properties": "^3.0.2",
            "postcss-image-set-function": "^4.0.4",
            "postcss-initial": "^4.0.1",
            "postcss-lab-function": "^4.0.3",
            "postcss-logical": "^5.0.3",
            "postcss-media-minmax": "^5.0.0",
            "postcss-nesting": "^10.1.2",
            "postcss-overflow-shorthand": "^3.0.2",
            "postcss-page-break": "^3.0.4",
            "postcss-place": "^7.0.3",
            "postcss-pseudo-class-any-link": "^7.0.2",
            "postcss-replace-overflow-wrap": "^4.0.0",
            "postcss-selector-not": "^5.0.0"
          }
        },
        "react": {
          "version": "17.0.2",
          "requires": {
            "loose-envify": "^1.1.0",
            "object-assign": "^4.1.1"
          }
        },
        "react-dom": {
          "version": "17.0.2",
          "requires": {
            "loose-envify": "^1.1.0",
            "object-assign": "^4.1.1",
            "scheduler": "^0.20.2"
          }
        },
        "react-scripts": {
          "version": "5.0.0",
          "requires": {
            "@babel/core": "^7.16.0",
            "@pmmmwh/react-refresh-webpack-plugin": "^0.5.3",
            "@svgr/webpack": "^5.5.0",
            "babel-jest": "^27.4.2",
            "babel-loader": "^8.2.3",
            "babel-plugin-named-asset-import": "^0.3.8",
            "babel-preset-react-app": "^10.0.1",
            "bfj": "^7.0.2",
            "browserslist": "^4.18.1",
            "camelcase": "^6.2.1",
            "case-sensitive-paths-webpack-plugin": "^2.4.0",
            "css-loader": "^6.5.1",
            "css-minimizer-webpack-plugin": "^3.2.0",
            "dotenv": "^10.0.0",
            "dotenv-expand": "^5.1.0",
            "eslint": "^8.3.0",
            "eslint-config-react-app": "^7.0.0",
            "eslint-webpack-plugin": "^3.1.1",
            "file-loader": "^6.2.0",
            "fs-extra": "^10.0.0",
            "fsevents": "^2.3.2",
            "html-webpack-plugin": "^5.5.0",
            "identity-obj-proxy": "^3.0.0",
            "jest": "^27.4.3",
            "jest-resolve": "^27.4.2",
            "jest-watch-typeahead": "^1.0.0",
            "mini-css-extract-plugin": "^2.4.5",
            "postcss": "^8.4.4",
            "postcss-flexbugs-fixes": "^5.0.2",
            "postcss-loader": "^6.2.1",
            "postcss-normalize": "^10.0.1",
            "postcss-preset-env": "^7.0.1",
            "prompts": "^2.4.2",
            "react-app-polyfill": "^3.0.0",
            "react-dev-utils": "^12.0.0",
            "react-refresh": "^0.11.0",
            "resolve": "^1.20.0",
            "resolve-url-loader": "^4.0.0",
            "sass-loader": "^12.3.0",
            "semver": "^7.3.5",
            "source-map-loader": "^3.0.0",
            "style-loader": "^3.3.1",
            "tailwindcss": "^3.0.2",
            "terser-webpack-plugin": "^5.2.5",
            "webpack": "^5.64.4",
            "webpack-dev-server": "^4.6.0",
            "webpack-manifest-plugin": "^4.0.2",
            "workbox-webpack-plugin": "^6.4.1"
          }
        }
      }
    },
    "postcss-preset-env": {
      "version": "file:../node_modules/postcss-preset-env",
      "requires": {
        "autoprefixer": "^10.4.2",
        "browserslist": "^4.19.1",
        "caniuse-lite": "^1.0.30001299",
        "css-blank-pseudo": "^3.0.2",
        "css-has-pseudo": "^3.0.3",
        "css-prefers-color-scheme": "^6.0.2",
        "cssdb": "^5.0.0",
        "postcss-attribute-case-insensitive": "^5.0.0",
        "postcss-color-functional-notation": "^4.2.1",
        "postcss-color-hex-alpha": "^8.0.2",
        "postcss-color-rebeccapurple": "^7.0.2",
        "postcss-custom-media": "^8.0.0",
        "postcss-custom-properties": "^12.1.2",
        "postcss-custom-selectors": "^6.0.0",
        "postcss-dir-pseudo-class": "^6.0.3",
        "postcss-double-position-gradients": "^3.0.4",
        "postcss-env-function": "^4.0.4",
        "postcss-focus-visible": "^6.0.3",
        "postcss-focus-within": "^5.0.3",
        "postcss-font-variant": "^5.0.0",
        "postcss-gap-properties": "^3.0.2",
        "postcss-image-set-function": "^4.0.4",
        "postcss-initial": "^4.0.1",
        "postcss-lab-function": "^4.0.3",
        "postcss-logical": "^5.0.3",
        "postcss-media-minmax": "^5.0.0",
        "postcss-nesting": "^10.1.2",
        "postcss-overflow-shorthand": "^3.0.2",
        "postcss-page-break": "^3.0.4",
        "postcss-place": "^7.0.3",
        "postcss-pseudo-class-any-link": "^7.0.2",
        "postcss-replace-overflow-wrap": "^4.0.0",
        "postcss-selector-not": "^5.0.0"
      }
    },
    "react": {
      "version": "file:../node_modules/react",
      "requires": {
        "loose-envify": "^1.1.0",
        "object-assign": "^4.1.1"
      }
    },
    "react-dom": {
      "version": "file:../node_modules/react-dom",
      "requires": {
        "loose-envify": "^1.1.0",
        "object-assign": "^4.1.1",
        "scheduler": "^0.20.2"
      }
    },
    "react-scripts": {
      "version": "file:../node_modules/react-scripts",
      "requires": {
        "@babel/core": "^7.16.0",
        "@pmmmwh/react-refresh-webpack-plugin": "^0.5.3",
        "@svgr/webpack": "^5.5.0",
        "babel-jest": "^27.4.2",
        "babel-loader": "^8.2.3",
        "babel-plugin-named-asset-import": "^0.3.8",
        "babel-preset-react-app": "^10.0.1",
        "bfj": "^7.0.2",
        "browserslist": "^4.18.1",
        "camelcase": "^6.2.1",
        "case-sensitive-paths-webpack-plugin": "^2.4.0",
        "css-loader": "^6.5.1",
        "css-minimizer-webpack-plugin": "^3.2.0",
        "dotenv": "^10.0.0",
        "dotenv-expand": "^5.1.0",
        "eslint": "^8.3.0",
        "eslint-config-react-app": "^7.0.0",
        "eslint-webpack-plugin": "^3.1.1",
        "file-loader": "^6.2.0",
        "fs-extra": "^10.0.0",
        "fsevents": "^2.3.2",
        "html-webpack-plugin": "^5.5.0",
        "identity-obj-proxy": "^3.0.0",
        "jest": "^27.4.3",
        "jest-resolve": "^27.4.2",
        "jest-watch-typeahead": "^1.0.0",
        "mini-css-extract-plugin": "^2.4.5",
        "postcss": "^8.4.4",
        "postcss-flexbugs-fixes": "^5.0.2",
        "postcss-loader": "^6.2.1",
        "postcss-normalize": "^10.0.1",
        "postcss-preset-env": "^7.0.1",
        "prompts": "^2.4.2",
        "react-app-polyfill": "^3.0.0",
        "react-dev-utils": "^12.0.0",
        "react-refresh": "^0.11.0",
        "resolve": "^1.20.0",
        "resolve-url-loader": "^4.0.0",
        "sass-loader": "^12.3.0",
        "semver": "^7.3.5",
        "source-map-loader": "^3.0.0",
        "style-loader": "^3.3.1",
        "tailwindcss": "^3.0.2",
        "terser-webpack-plugin": "^5.2.5",
        "webpack": "^5.64.4",
        "webpack-dev-server": "^4.6.0",
        "webpack-manifest-plugin": "^4.0.2",
        "workbox-webpack-plugin": "^6.4.1"
      }
    }
  }
}
