{
  "name": "gantt-task-react-example",
  "version": "0.0.0",
  "lockfileVersion": 2,
  "requires": true,
  "packages": {
    "": {
      "name": "gantt-task-react-example",
      "version": "0.0.0",
      "dependencies": {
        "@testing-library/jest-dom": "file:../node_modules/@testing-library/jest-dom",
        "@testing-library/react": "file:../node_modules/@testing-library/react",
        "@testing-library/user-event": "file:../node_modules/@testing-library/user-event",
        "@types/jest": "file:../node_modules/@types/jest",
        "@types/node": "file:../node_modules/@types/node",
        "@types/react": "file:../node_modules/@types/react",
        "@types/react-dom": "file:../node_modules/@types/react-dom",
        "moment": "^2.29.4",
        "next-translate": "^1.6.0",
        "gantt-task-react": "file:..",
        "postcss-preset-env": "file:../node_modules/postcss-preset-env",
        "react": "file:../node_modules/react",
        "react-dom": "file:../node_modules/react-dom",
        "react-scripts": "file:../node_modules/react-scripts"
      }
    },
    "..": {
      "name": "gantt-task-react",
      "version": "0.0.1",
      "license": "MIT",
      "devDependencies": {
        "@testing-library/jest-dom": "^5.16.4",
        "@testing-library/react": "^13.3.0",
        "@testing-library/user-event": "^14.2.1",
        "@types/jest": "^27.5.1",
        "@types/node": "^15.0.1",
        "@types/react": "^18.0.5",
        "@types/react-dom": "^18.0.5",
        "cross-env": "^7.0.3",
        "gh-pages": "^3.1.0",
        "microbundle-crl": "^0.13.11",
        "mini-css-extract-plugin": "^2.5.1",
        "npm-run-all": "^4.1.5",
        "postcss-flexbugs-fixes": "^5.0.2",
        "postcss-normalize": "^10.0.1",
        "postcss-preset-env": "^7.6.0",
        "prettier": "^2.7.1",
        "react": "^18.2.0",
        "react-dom": "^18.2.0",
        "react-scripts": "^5.0.1",
        "typescript": "^4.7.4"
      },
      "engines": {
        "node": ">=10"
      },
      "peerDependencies": {
        "react": "^18.0.0"
      }
    },
    "../node_modules/@testing-library/jest-dom": {
      "version": "5.16.4",
      "license": "MIT",
      "dependencies": {
        "@babel/runtime": "^7.9.2",
        "@types/testing-library__jest-dom": "^5.9.1",
        "aria-query": "^5.0.0",
        "chalk": "^3.0.0",
        "css": "^3.0.0",
        "css.escape": "^1.5.1",
        "dom-accessibility-api": "^0.5.6",
        "lodash": "^4.17.15",
        "redent": "^3.0.0"
      },
      "engines": {
        "node": ">=8",
        "npm": ">=6",
        "yarn": ">=1"
      }
    },
    "../node_modules/@testing-library/react": {
      "version": "11.2.7",
      "license": "MIT",
      "dependencies": {
        "@babel/runtime": "^7.12.5",
        "@testing-library/dom": "^7.28.1"
      },
      "engines": {
        "node": ">=10"
      },
      "peerDependencies": {
        "react": "*",
        "react-dom": "*"
      }
    },
    "../node_modules/@testing-library/user-event": {
      "version": "13.5.0",
      "license": "MIT",
      "dependencies": {
        "@babel/runtime": "^7.12.5"
      },
      "engines": {
        "node": ">=10",
        "npm": ">=6"
      },
      "peerDependencies": {
        "@testing-library/dom": ">=7.21.4"
      }
    },
    "../node_modules/@types/jest": {
      "version": "26.0.24",
      "license": "MIT",
      "dependencies": {
        "jest-diff": "^26.0.0",
        "pretty-format": "^26.0.0"
      }
    },
    "../node_modules/@types/node": {
      "version": "15.14.9",
      "license": "MIT"
    },
    "../node_modules/@types/react": {
      "version": "18.0.9",
      "license": "MIT",
      "dependencies": {
        "@types/prop-types": "*",
        "@types/scheduler": "*",
        "csstype": "^3.0.2"
      }
    },
    "../node_modules/@types/react-dom": {
      "version": "18.0.4",
      "license": "MIT",
      "dependencies": {
        "@types/react": "*"
      }
    },
    "../node_modules/postcss-preset-env": {
      "version": "7.5.0",
      "license": "CC0-1.0",
      "dependencies": {
        "@csstools/postcss-color-function": "^1.1.0",
        "@csstools/postcss-font-format-keywords": "^1.0.0",
        "@csstools/postcss-hwb-function": "^1.0.0",
        "@csstools/postcss-ic-unit": "^1.0.0",
        "@csstools/postcss-is-pseudo-class": "^2.0.2",
        "@csstools/postcss-normalize-display-values": "^1.0.0",
        "@csstools/postcss-oklab-function": "^1.1.0",
        "@csstools/postcss-progressive-custom-properties": "^1.3.0",
        "@csstools/postcss-stepped-value-functions": "^1.0.0",
        "@csstools/postcss-unset-value": "^1.0.0",
        "autoprefixer": "^10.4.6",
        "browserslist": "^4.20.3",
        "css-blank-pseudo": "^3.0.3",
        "css-has-pseudo": "^3.0.4",
        "css-prefers-color-scheme": "^6.0.3",
        "cssdb": "^6.6.1",
        "postcss-attribute-case-insensitive": "^5.0.0",
        "postcss-clamp": "^4.1.0",
        "postcss-color-functional-notation": "^4.2.2",
        "postcss-color-hex-alpha": "^8.0.3",
        "postcss-color-rebeccapurple": "^7.0.2",
        "postcss-custom-media": "^8.0.0",
        "postcss-custom-properties": "^12.1.7",
        "postcss-custom-selectors": "^6.0.0",
        "postcss-dir-pseudo-class": "^6.0.4",
        "postcss-double-position-gradients": "^3.1.1",
        "postcss-env-function": "^4.0.6",
        "postcss-focus-visible": "^6.0.4",
        "postcss-focus-within": "^5.0.4",
        "postcss-font-variant": "^5.0.0",
        "postcss-gap-properties": "^3.0.3",
        "postcss-image-set-function": "^4.0.6",
        "postcss-initial": "^4.0.1",
        "postcss-lab-function": "^4.2.0",
        "postcss-logical": "^5.0.4",
        "postcss-media-minmax": "^5.0.0",
        "postcss-nesting": "^10.1.4",
        "postcss-opacity-percentage": "^1.1.2",
        "postcss-overflow-shorthand": "^3.0.3",
        "postcss-page-break": "^3.0.4",
        "postcss-place": "^7.0.4",
        "postcss-pseudo-class-any-link": "^7.1.2",
        "postcss-replace-overflow-wrap": "^4.0.0",
        "postcss-selector-not": "^5.0.0",
        "postcss-value-parser": "^4.2.0"
      },
      "engines": {
        "node": "^12 || ^14 || >=16"
      },
      "funding": {
        "type": "opencollective",
        "url": "https://opencollective.com/csstools"
      },
      "peerDependencies": {
        "postcss": "^8.4"
      }
    },
    "../node_modules/react": {
      "version": "18.1.0",
      "license": "MIT",
      "dependencies": {
        "loose-envify": "^1.1.0"
      },
      "engines": {
        "node": ">=0.10.0"
      }
    },
    "../node_modules/react-dom": {
      "version": "18.1.0",
      "license": "MIT",
      "dependencies": {
        "loose-envify": "^1.1.0",
        "scheduler": "^0.22.0"
      },
      "peerDependencies": {
        "react": "^18.1.0"
      }
    },
    "../node_modules/react-scripts": {
      "version": "2.1.8",
      "license": "MIT",
      "dependencies": {
        "@babel/core": "7.2.2",
        "@svgr/webpack": "4.1.0",
        "babel-core": "7.0.0-bridge.0",
        "babel-eslint": "9.0.0",
        "babel-jest": "23.6.0",
        "babel-loader": "8.0.5",
        "babel-plugin-named-asset-import": "^0.3.1",
        "babel-preset-react-app": "^7.0.2",
        "bfj": "6.1.1",
        "case-sensitive-paths-webpack-plugin": "2.2.0",
        "css-loader": "1.0.0",
        "dotenv": "6.0.0",
        "dotenv-expand": "4.2.0",
        "eslint": "5.12.0",
        "eslint-config-react-app": "^3.0.8",
        "eslint-loader": "2.1.1",
        "eslint-plugin-flowtype": "2.50.1",
        "eslint-plugin-import": "2.14.0",
        "eslint-plugin-jsx-a11y": "6.1.2",
        "eslint-plugin-react": "7.12.4",
        "file-loader": "2.0.0",
        "fs-extra": "7.0.1",
        "html-webpack-plugin": "4.0.0-alpha.2",
        "identity-obj-proxy": "3.0.0",
        "jest": "23.6.0",
        "jest-pnp-resolver": "1.0.2",
        "jest-resolve": "23.6.0",
        "jest-watch-typeahead": "^0.2.1",
        "mini-css-extract-plugin": "0.5.0",
        "optimize-css-assets-webpack-plugin": "5.0.1",
        "pnp-webpack-plugin": "1.2.1",
        "postcss-flexbugs-fixes": "4.1.0",
        "postcss-loader": "3.0.0",
        "postcss-preset-env": "6.5.0",
        "postcss-safe-parser": "4.0.1",
        "react-app-polyfill": "^0.2.2",
        "react-dev-utils": "^8.0.0",
        "resolve": "1.10.0",
        "sass-loader": "7.1.0",
        "style-loader": "0.23.1",
        "terser-webpack-plugin": "1.2.2",
        "url-loader": "1.1.2",
        "webpack": "4.28.3",
        "webpack-dev-server": "3.1.14",
        "webpack-manifest-plugin": "2.0.4",
        "workbox-webpack-plugin": "3.6.3"
      },
      "bin": {
        "react-scripts": "bin/react-scripts.js"
      },
      "engines": {
        "node": ">=8.10"
      },
      "optionalDependencies": {
        "fsevents": "1.2.4"
      }
    },
    "node_modules/@next/env": {
      "version": "13.0.2",
      "resolved": "https://registry.npmjs.org/@next/env/-/env-13.0.2.tgz",
      "integrity": "sha512-Qb6WPuRriGIQ19qd6NBxpcrFOfj8ziN7l9eZUfwff5gl4zLXluqtuZPddYZM/oWjN53ZYcuRXzL+oowKyJeYtA==",
      "peer": true
    },
    "node_modules/@next/swc-android-arm-eabi": {
      "version": "13.0.2",
      "resolved": "https://registry.npmjs.org/@next/swc-android-arm-eabi/-/swc-android-arm-eabi-13.0.2.tgz",
      "integrity": "sha512-X54UQCTFyOGnJP//Z71dPPlp4BCYcQL2ncikKXQcPzVpqPs4C3m+tKC8ivBNH6edAXkppwsLRz1/yQwgSZ9Swg==",
      "cpu": [
        "arm"
      ],
      "optional": true,
      "os": [
        "android"
      ],
      "peer": true,
      "engines": {
        "node": ">= 10"
      }
    },
    "node_modules/@next/swc-android-arm64": {
      "version": "13.0.2",
      "resolved": "https://registry.npmjs.org/@next/swc-android-arm64/-/swc-android-arm64-13.0.2.tgz",
      "integrity": "sha512-1P00Kv8uKaLubqo7JzPrTqgFAzSOmfb8iwqJrOb9in5IvTRtNGlkR4hU0sXzqbQNM/+SaYxze6Z5ry1IDyb/cQ==",
      "cpu": [
        "arm64"
      ],
      "optional": true,
      "os": [
        "android"
      ],
      "peer": true,
      "engines": {
        "node": ">= 10"
      }
    },
    "node_modules/@next/swc-darwin-arm64": {
      "version": "13.0.2",
      "resolved": "https://registry.npmjs.org/@next/swc-darwin-arm64/-/swc-darwin-arm64-13.0.2.tgz",
      "integrity": "sha512-1zGIOkInkOLRv0QQGZ+3wffYsyKI4vIy62LYTvDWUn7TAYqnmXwougp9NSLqDeagLwgsv2URrykyAFixA/YqxA==",
      "cpu": [
        "arm64"
      ],
      "optional": true,
      "os": [
        "darwin"
      ],
      "peer": true,
      "engines": {
        "node": ">= 10"
      }
    },
    "node_modules/@next/swc-darwin-x64": {
      "version": "13.0.2",
      "resolved": "https://registry.npmjs.org/@next/swc-darwin-x64/-/swc-darwin-x64-13.0.2.tgz",
      "integrity": "sha512-ECDAjoMP1Y90cARaelS6X+k6BQx+MikAYJ8f/eaJrLur44NIOYc9HA/dgcTp5jenguY4yT8V+HCquLjAVle6fA==",
      "cpu": [
        "x64"
      ],
      "optional": true,
      "os": [
        "darwin"
      ],
      "peer": true,
      "engines": {
        "node": ">= 10"
      }
    },
    "node_modules/@next/swc-freebsd-x64": {
      "version": "13.0.2",
      "resolved": "https://registry.npmjs.org/@next/swc-freebsd-x64/-/swc-freebsd-x64-13.0.2.tgz",
      "integrity": "sha512-2DcL/ofQdBnQX3IoI9sjlIAyLCD1oZoUBuhrhWbejvBQjutWrI0JTEv9uG69WcxWhVMm3BCsjv8GK2/68OKp7A==",
      "cpu": [
        "x64"
      ],
      "optional": true,
      "os": [
        "freebsd"
      ],
      "peer": true,
      "engines": {
        "node": ">= 10"
      }
    },
    "node_modules/@next/swc-linux-arm-gnueabihf": {
      "version": "13.0.2",
      "resolved": "https://registry.npmjs.org/@next/swc-linux-arm-gnueabihf/-/swc-linux-arm-gnueabihf-13.0.2.tgz",
      "integrity": "sha512-Y3OQF1CSBSWW2vGkmvOIuOUNqOq8qX7f1ZpcKUVWP3/Uq++DZmVi9d18lgnSe1I3QFqc+nXWyun9ljsN83j0sw==",
      "cpu": [
        "arm"
      ],
      "optional": true,
      "os": [
        "linux"
      ],
      "peer": true,
      "engines": {
        "node": ">= 10"
      }
    },
    "node_modules/@next/swc-linux-arm64-gnu": {
      "version": "13.0.2",
      "resolved": "https://registry.npmjs.org/@next/swc-linux-arm64-gnu/-/swc-linux-arm64-gnu-13.0.2.tgz",
      "integrity": "sha512-mNyzwsFF6kwZYEjnGicx9ksDZYEZvyzEc1BtCu8vdZi/v8UeixQwCiAT6FyYX9uxMPEkzk8qiU0t0u9gvltsKw==",
      "cpu": [
        "arm64"
      ],
      "optional": true,
      "os": [
        "linux"
      ],
      "peer": true,
      "engines": {
        "node": ">= 10"
      }
    },
    "node_modules/@next/swc-linux-arm64-musl": {
      "version": "13.0.2",
      "resolved": "https://registry.npmjs.org/@next/swc-linux-arm64-musl/-/swc-linux-arm64-musl-13.0.2.tgz",
      "integrity": "sha512-M6SdYjWgRrY3tJBxz0663zCRPTu5BRONmxlftKWWHv9LjAJ59neTLaGj4rp0A08DkJglZIoCkLOzLrzST6TGag==",
      "cpu": [
        "arm64"
      ],
      "optional": true,
      "os": [
        "linux"
      ],
      "peer": true,
      "engines": {
        "node": ">= 10"
      }
    },
    "node_modules/@next/swc-linux-x64-gnu": {
      "version": "13.0.2",
      "resolved": "https://registry.npmjs.org/@next/swc-linux-x64-gnu/-/swc-linux-x64-gnu-13.0.2.tgz",
      "integrity": "sha512-pi63RoxvG4ES1KS06Zpm0MATVIXTs/TIbLbdckeLoM40u1d3mQl/+hSSrLRSxzc2OtyL8fh92sM4gkJrQXAMAw==",
      "cpu": [
        "x64"
      ],
      "optional": true,
      "os": [
        "linux"
      ],
      "peer": true,
      "engines": {
        "node": ">= 10"
      }
    },
    "node_modules/@next/swc-linux-x64-musl": {
      "version": "13.0.2",
      "resolved": "https://registry.npmjs.org/@next/swc-linux-x64-musl/-/swc-linux-x64-musl-13.0.2.tgz",
      "integrity": "sha512-9Pv91gfYnDONgjtRm78n64b/c54+azeHtlnqBLTnIFWSMBDRl1/WDkhKWIj3fBGPLimtK7Tko3ULR3og9RRUPw==",
      "cpu": [
        "x64"
      ],
      "optional": true,
      "os": [
        "linux"
      ],
      "peer": true,
      "engines": {
        "node": ">= 10"
      }
    },
    "node_modules/@next/swc-win32-arm64-msvc": {
      "version": "13.0.2",
      "resolved": "https://registry.npmjs.org/@next/swc-win32-arm64-msvc/-/swc-win32-arm64-msvc-13.0.2.tgz",
      "integrity": "sha512-Nvewe6YZaizAkGHHprbMkYqQulBjZCHKBGKeFPwoPtOA+a2Qi4pZzc/qXFyC5/2A6Z0mr2U1zg9rd04WBYMwBw==",
      "cpu": [
        "arm64"
      ],
      "optional": true,
      "os": [
        "win32"
      ],
      "peer": true,
      "engines": {
        "node": ">= 10"
      }
    },
    "node_modules/@next/swc-win32-ia32-msvc": {
      "version": "13.0.2",
      "resolved": "https://registry.npmjs.org/@next/swc-win32-ia32-msvc/-/swc-win32-ia32-msvc-13.0.2.tgz",
      "integrity": "sha512-ZUBYGZw5G3QrqDpRq1EWi3aHmvPZM8ijK5TFL6UbH16cYQ0JpANmuG2P66KB93Qe/lWWzbeAZk/tj1XqwoCuPA==",
      "cpu": [
        "ia32"
      ],
      "optional": true,
      "os": [
        "win32"
      ],
      "peer": true,
      "engines": {
        "node": ">= 10"
      }
    },
    "node_modules/@next/swc-win32-x64-msvc": {
      "version": "13.0.2",
      "resolved": "https://registry.npmjs.org/@next/swc-win32-x64-msvc/-/swc-win32-x64-msvc-13.0.2.tgz",
      "integrity": "sha512-fA9uW1dm7C0mEYGcKlbmLcVm2sKcye+1kPxh2cM4jVR+kQQMtHWsjIzeSpe2grQLSDan06z4n6hbr8b1c3hA8w==",
      "cpu": [
        "x64"
      ],
      "optional": true,
      "os": [
        "win32"
      ],
      "peer": true,
      "engines": {
        "node": ">= 10"
      }
    },
    "node_modules/@swc/helpers": {
      "version": "0.4.11",
      "resolved": "https://registry.npmjs.org/@swc/helpers/-/helpers-0.4.11.tgz",
      "integrity": "sha512-rEUrBSGIoSFuYxwBYtlUFMlE2CwGhmW+w9355/5oduSw8e5h2+Tj4UrAGNNgP9915++wj5vkQo0UuOBqOAq4nw==",
      "peer": true,
      "dependencies": {
        "tslib": "^2.4.0"
      }
    },
    "node_modules/@testing-library/jest-dom": {
      "resolved": "../node_modules/@testing-library/jest-dom",
      "link": true
    },
    "node_modules/@testing-library/react": {
      "resolved": "../node_modules/@testing-library/react",
      "link": true
    },
    "node_modules/@testing-library/user-event": {
      "resolved": "../node_modules/@testing-library/user-event",
      "link": true
    },
    "node_modules/@types/jest": {
      "resolved": "../node_modules/@types/jest",
      "link": true
    },
    "node_modules/@types/node": {
      "resolved": "../node_modules/@types/node",
      "link": true
    },
    "node_modules/@types/react": {
      "resolved": "../node_modules/@types/react",
      "link": true
    },
    "node_modules/@types/react-dom": {
      "resolved": "../node_modules/@types/react-dom",
      "link": true
    },
    "node_modules/caniuse-lite": {
      "version": "1.0.30001430",
      "resolved": "https://registry.npmjs.org/caniuse-lite/-/caniuse-lite-1.0.30001430.tgz",
      "integrity": "sha512-IB1BXTZKPDVPM7cnV4iaKaHxckvdr/3xtctB3f7Hmenx3qYBhGtTZ//7EllK66aKXW98Lx0+7Yr0kxBtIt3tzg==",
      "funding": [
        {
          "type": "opencollective",
          "url": "https://opencollective.com/browserslist"
        },
        {
          "type": "tidelift",
          "url": "https://tidelift.com/funding/github/npm/caniuse-lite"
        }
      ],
      "peer": true
    },
    "node_modules/client-only": {
      "version": "0.0.1",
      "resolved": "https://registry.npmjs.org/client-only/-/client-only-0.0.1.tgz",
      "integrity": "sha512-IV3Ou0jSMzZrd3pZ48nLkT9DA7Ag1pnPzaiQhpW7c3RbcqqzvzzVu+L8gfqMp/8IM2MQtSiqaCxrrcfu8I8rMA==",
      "peer": true
    },
    "node_modules/moment": {
      "version": "2.29.4",
      "resolved": "https://registry.npmjs.org/moment/-/moment-2.29.4.tgz",
      "integrity": "sha512-5LC9SOxjSc2HF6vO2CyuTDNivEdoz2IvyJJGj6X8DJ0eFyfszE0QiEd+iXmBvUP3WHxSjFH/vIsA0EN00cgr8w==",
      "engines": {
        "node": "*"
      }
    },
    "node_modules/nanoid": {
      "version": "3.3.4",
      "resolved": "https://registry.npmjs.org/nanoid/-/nanoid-3.3.4.tgz",
      "integrity": "sha512-MqBkQh/OHTS2egovRtLk45wEyNXwF+cokD+1YPf9u5VfJiRdAiRwB2froX5Co9Rh20xs4siNPm8naNotSD6RBw==",
      "peer": true,
      "bin": {
        "nanoid": "bin/nanoid.cjs"
      },
      "engines": {
        "node": "^10 || ^12 || ^13.7 || ^14 || >=15.0.1"
      }
    },
    "node_modules/next": {
      "version": "13.0.2",
      "resolved": "https://registry.npmjs.org/next/-/next-13.0.2.tgz",
      "integrity": "sha512-uQ5z5e4D9mOe8+upy6bQdYYjo/kk1v3jMW87kTy2TgAyAsEO+CkwRnMgyZ4JoHEnhPZLHwh7dk0XymRNLe1gFw==",
      "peer": true,
      "dependencies": {
        "@next/env": "13.0.2",
        "@swc/helpers": "0.4.11",
        "caniuse-lite": "^1.0.30001406",
        "postcss": "8.4.14",
        "styled-jsx": "5.1.0",
        "use-sync-external-store": "1.2.0"
      },
      "bin": {
        "next": "dist/bin/next"
      },
      "engines": {
        "node": ">=14.6.0"
      },
      "optionalDependencies": {
        "@next/swc-android-arm-eabi": "13.0.2",
        "@next/swc-android-arm64": "13.0.2",
        "@next/swc-darwin-arm64": "13.0.2",
        "@next/swc-darwin-x64": "13.0.2",
        "@next/swc-freebsd-x64": "13.0.2",
        "@next/swc-linux-arm-gnueabihf": "13.0.2",
        "@next/swc-linux-arm64-gnu": "13.0.2",
        "@next/swc-linux-arm64-musl": "13.0.2",
        "@next/swc-linux-x64-gnu": "13.0.2",
        "@next/swc-linux-x64-musl": "13.0.2",
        "@next/swc-win32-arm64-msvc": "13.0.2",
        "@next/swc-win32-ia32-msvc": "13.0.2",
        "@next/swc-win32-x64-msvc": "13.0.2"
      },
      "peerDependencies": {
        "fibers": ">= 3.1.0",
        "node-sass": "^6.0.0 || ^7.0.0",
        "react": "^18.2.0",
        "react-dom": "^18.2.0",
        "sass": "^1.3.0"
      },
      "peerDependenciesMeta": {
        "fibers": {
          "optional": true
        },
        "node-sass": {
          "optional": true
        },
        "sass": {
          "optional": true
        }
      }
    },
    "node_modules/next-translate": {
      "version": "1.6.0",
      "resolved": "https://registry.npmjs.org/next-translate/-/next-translate-1.6.0.tgz",
      "integrity": "sha512-rmRBYOwPHvokN+5uH3O/SZqfRUVORLkgt/097mSaq3+CWcEtXEjkVrfBZpYwZ8W3og4QVd+uphYX//qegnIbRg==",
      "peerDependencies": {
        "next": ">= 10.0.0",
        "react": ">= 16.8.0"
      }
    },
    "node_modules/gantt-task-react": {
      "resolved": "..",
      "link": true
    },
    "node_modules/picocolors": {
      "version": "1.0.0",
      "resolved": "https://registry.npmjs.org/picocolors/-/picocolors-1.0.0.tgz",
      "integrity": "sha512-1fygroTLlHu66zi26VoTDv8yRgm0Fccecssto+MhsZ0D/DGW2sm8E8AjW7NU5VVTRt5GxbeZ5qBuJr+HyLYkjQ==",
      "peer": true
    },
    "node_modules/postcss": {
      "version": "8.4.14",
      "resolved": "https://registry.npmjs.org/postcss/-/postcss-8.4.14.tgz",
      "integrity": "sha512-E398TUmfAYFPBSdzgeieK2Y1+1cpdxJx8yXbK/m57nRhKSmk1GB2tO4lbLBtlkfPQTDKfe4Xqv1ASWPpayPEig==",
      "funding": [
        {
          "type": "opencollective",
          "url": "https://opencollective.com/postcss/"
        },
        {
          "type": "tidelift",
          "url": "https://tidelift.com/funding/github/npm/postcss"
        }
      ],
      "peer": true,
      "dependencies": {
        "nanoid": "^3.3.4",
        "picocolors": "^1.0.0",
        "source-map-js": "^1.0.2"
      },
      "engines": {
        "node": "^10 || ^12 || >=14"
      }
    },
    "node_modules/postcss-preset-env": {
      "resolved": "../node_modules/postcss-preset-env",
      "link": true
    },
    "node_modules/react": {
      "resolved": "../node_modules/react",
      "link": true
    },
    "node_modules/react-dom": {
      "resolved": "../node_modules/react-dom",
      "link": true
    },
    "node_modules/react-scripts": {
      "resolved": "../node_modules/react-scripts",
      "link": true
    },
    "node_modules/source-map-js": {
      "version": "1.0.2",
      "resolved": "https://registry.npmjs.org/source-map-js/-/source-map-js-1.0.2.tgz",
      "integrity": "sha512-R0XvVJ9WusLiqTCEiGCmICCMplcCkIwwR11mOSD9CR5u+IXYdiseeEuXCVAjS54zqwkLcPNnmU4OeJ6tUrWhDw==",
      "peer": true,
      "engines": {
        "node": ">=0.10.0"
      }
    },
    "node_modules/styled-jsx": {
      "version": "5.1.0",
      "resolved": "https://registry.npmjs.org/styled-jsx/-/styled-jsx-5.1.0.tgz",
      "integrity": "sha512-/iHaRJt9U7T+5tp6TRelLnqBqiaIT0HsO0+vgyj8hK2KUk7aejFqRrumqPUlAqDwAj8IbS/1hk3IhBAAK/FCUQ==",
      "peer": true,
      "dependencies": {
        "client-only": "0.0.1"
      },
      "engines": {
        "node": ">= 12.0.0"
      },
      "peerDependencies": {
        "react": ">= 16.8.0 || 17.x.x || ^18.0.0-0"
      },
      "peerDependenciesMeta": {
        "@babel/core": {
          "optional": true
        },
        "babel-plugin-macros": {
          "optional": true
        }
      }
    },
    "node_modules/tslib": {
      "version": "2.4.1",
      "resolved": "https://registry.npmjs.org/tslib/-/tslib-2.4.1.tgz",
      "integrity": "sha512-tGyy4dAjRIEwI7BzsB0lynWgOpfqjUdq91XXAlIWD2OwKBH7oCl/GZG/HT4BOHrTlPMOASlMQ7veyTqpmRcrNA==",
      "peer": true
    },
    "node_modules/use-sync-external-store": {
      "version": "1.2.0",
      "resolved": "https://registry.npmjs.org/use-sync-external-store/-/use-sync-external-store-1.2.0.tgz",
      "integrity": "sha512-eEgnFxGQ1Ife9bzYs6VLi8/4X6CObHMw9Qr9tPY43iKwsPw8xE8+EFsf/2cFZ5S3esXgpWgtSCtLNS41F+sKPA==",
      "peer": true,
      "peerDependencies": {
        "react": "^16.8.0 || ^17.0.0 || ^18.0.0"
      }
    }
  },
  "dependencies": {
    "@next/env": {
      "version": "13.0.2",
      "resolved": "https://registry.npmjs.org/@next/env/-/env-13.0.2.tgz",
      "integrity": "sha512-Qb6WPuRriGIQ19qd6NBxpcrFOfj8ziN7l9eZUfwff5gl4zLXluqtuZPddYZM/oWjN53ZYcuRXzL+oowKyJeYtA==",
      "peer": true
    },
    "@next/swc-android-arm-eabi": {
      "version": "13.0.2",
      "resolved": "https://registry.npmjs.org/@next/swc-android-arm-eabi/-/swc-android-arm-eabi-13.0.2.tgz",
      "integrity": "sha512-X54UQCTFyOGnJP//Z71dPPlp4BCYcQL2ncikKXQcPzVpqPs4C3m+tKC8ivBNH6edAXkppwsLRz1/yQwgSZ9Swg==",
      "optional": true,
      "peer": true
    },
    "@next/swc-android-arm64": {
      "version": "13.0.2",
      "resolved": "https://registry.npmjs.org/@next/swc-android-arm64/-/swc-android-arm64-13.0.2.tgz",
      "integrity": "sha512-1P00Kv8uKaLubqo7JzPrTqgFAzSOmfb8iwqJrOb9in5IvTRtNGlkR4hU0sXzqbQNM/+SaYxze6Z5ry1IDyb/cQ==",
      "optional": true,
      "peer": true
    },
    "@next/swc-darwin-arm64": {
      "version": "13.0.2",
      "resolved": "https://registry.npmjs.org/@next/swc-darwin-arm64/-/swc-darwin-arm64-13.0.2.tgz",
      "integrity": "sha512-1zGIOkInkOLRv0QQGZ+3wffYsyKI4vIy62LYTvDWUn7TAYqnmXwougp9NSLqDeagLwgsv2URrykyAFixA/YqxA==",
      "optional": true,
      "peer": true
    },
    "@next/swc-darwin-x64": {
      "version": "13.0.2",
      "resolved": "https://registry.npmjs.org/@next/swc-darwin-x64/-/swc-darwin-x64-13.0.2.tgz",
      "integrity": "sha512-ECDAjoMP1Y90cARaelS6X+k6BQx+MikAYJ8f/eaJrLur44NIOYc9HA/dgcTp5jenguY4yT8V+HCquLjAVle6fA==",
      "optional": true,
      "peer": true
    },
    "@next/swc-freebsd-x64": {
      "version": "13.0.2",
      "resolved": "https://registry.npmjs.org/@next/swc-freebsd-x64/-/swc-freebsd-x64-13.0.2.tgz",
      "integrity": "sha512-2DcL/ofQdBnQX3IoI9sjlIAyLCD1oZoUBuhrhWbejvBQjutWrI0JTEv9uG69WcxWhVMm3BCsjv8GK2/68OKp7A==",
      "optional": true,
      "peer": true
    },
    "@next/swc-linux-arm-gnueabihf": {
      "version": "13.0.2",
      "resolved": "https://registry.npmjs.org/@next/swc-linux-arm-gnueabihf/-/swc-linux-arm-gnueabihf-13.0.2.tgz",
      "integrity": "sha512-Y3OQF1CSBSWW2vGkmvOIuOUNqOq8qX7f1ZpcKUVWP3/Uq++DZmVi9d18lgnSe1I3QFqc+nXWyun9ljsN83j0sw==",
      "optional": true,
      "peer": true
    },
    "@next/swc-linux-arm64-gnu": {
      "version": "13.0.2",
      "resolved": "https://registry.npmjs.org/@next/swc-linux-arm64-gnu/-/swc-linux-arm64-gnu-13.0.2.tgz",
      "integrity": "sha512-mNyzwsFF6kwZYEjnGicx9ksDZYEZvyzEc1BtCu8vdZi/v8UeixQwCiAT6FyYX9uxMPEkzk8qiU0t0u9gvltsKw==",
      "optional": true,
      "peer": true
    },
    "@next/swc-linux-arm64-musl": {
      "version": "13.0.2",
      "resolved": "https://registry.npmjs.org/@next/swc-linux-arm64-musl/-/swc-linux-arm64-musl-13.0.2.tgz",
      "integrity": "sha512-M6SdYjWgRrY3tJBxz0663zCRPTu5BRONmxlftKWWHv9LjAJ59neTLaGj4rp0A08DkJglZIoCkLOzLrzST6TGag==",
      "optional": true,
      "peer": true
    },
    "@next/swc-linux-x64-gnu": {
      "version": "13.0.2",
      "resolved": "https://registry.npmjs.org/@next/swc-linux-x64-gnu/-/swc-linux-x64-gnu-13.0.2.tgz",
      "integrity": "sha512-pi63RoxvG4ES1KS06Zpm0MATVIXTs/TIbLbdckeLoM40u1d3mQl/+hSSrLRSxzc2OtyL8fh92sM4gkJrQXAMAw==",
      "optional": true,
      "peer": true
    },
    "@next/swc-linux-x64-musl": {
      "version": "13.0.2",
      "resolved": "https://registry.npmjs.org/@next/swc-linux-x64-musl/-/swc-linux-x64-musl-13.0.2.tgz",
      "integrity": "sha512-9Pv91gfYnDONgjtRm78n64b/c54+azeHtlnqBLTnIFWSMBDRl1/WDkhKWIj3fBGPLimtK7Tko3ULR3og9RRUPw==",
      "optional": true,
      "peer": true
    },
    "@next/swc-win32-arm64-msvc": {
      "version": "13.0.2",
      "resolved": "https://registry.npmjs.org/@next/swc-win32-arm64-msvc/-/swc-win32-arm64-msvc-13.0.2.tgz",
      "integrity": "sha512-Nvewe6YZaizAkGHHprbMkYqQulBjZCHKBGKeFPwoPtOA+a2Qi4pZzc/qXFyC5/2A6Z0mr2U1zg9rd04WBYMwBw==",
      "optional": true,
      "peer": true
    },
    "@next/swc-win32-ia32-msvc": {
      "version": "13.0.2",
      "resolved": "https://registry.npmjs.org/@next/swc-win32-ia32-msvc/-/swc-win32-ia32-msvc-13.0.2.tgz",
      "integrity": "sha512-ZUBYGZw5G3QrqDpRq1EWi3aHmvPZM8ijK5TFL6UbH16cYQ0JpANmuG2P66KB93Qe/lWWzbeAZk/tj1XqwoCuPA==",
      "optional": true,
      "peer": true
    },
    "@next/swc-win32-x64-msvc": {
      "version": "13.0.2",
      "resolved": "https://registry.npmjs.org/@next/swc-win32-x64-msvc/-/swc-win32-x64-msvc-13.0.2.tgz",
      "integrity": "sha512-fA9uW1dm7C0mEYGcKlbmLcVm2sKcye+1kPxh2cM4jVR+kQQMtHWsjIzeSpe2grQLSDan06z4n6hbr8b1c3hA8w==",
      "optional": true,
      "peer": true
    },
    "@swc/helpers": {
      "version": "0.4.11",
      "resolved": "https://registry.npmjs.org/@swc/helpers/-/helpers-0.4.11.tgz",
      "integrity": "sha512-rEUrBSGIoSFuYxwBYtlUFMlE2CwGhmW+w9355/5oduSw8e5h2+Tj4UrAGNNgP9915++wj5vkQo0UuOBqOAq4nw==",
      "peer": true,
      "requires": {
        "tslib": "^2.4.0"
      }
    },
    "@testing-library/jest-dom": {
      "version": "file:../node_modules/@testing-library/jest-dom",
      "requires": {
        "@babel/runtime": "^7.9.2",
        "@types/testing-library__jest-dom": "^5.9.1",
        "aria-query": "^5.0.0",
        "chalk": "^3.0.0",
        "css": "^3.0.0",
        "css.escape": "^1.5.1",
        "dom-accessibility-api": "^0.5.6",
        "lodash": "^4.17.15",
        "redent": "^3.0.0"
      }
    },
    "@testing-library/react": {
      "version": "file:../node_modules/@testing-library/react",
      "requires": {
        "@babel/runtime": "^7.12.5",
        "@testing-library/dom": "^7.28.1"
      }
    },
    "@testing-library/user-event": {
      "version": "file:../node_modules/@testing-library/user-event",
      "requires": {
        "@babel/runtime": "^7.12.5"
      }
    },
    "@types/jest": {
      "version": "file:../node_modules/@types/jest",
      "requires": {
        "jest-diff": "^26.0.0",
        "pretty-format": "^26.0.0"
      }
    },
    "@types/node": {
      "version": "file:../node_modules/@types/node"
    },
    "@types/react": {
      "version": "file:../node_modules/@types/react",
      "requires": {
        "@types/prop-types": "*",
        "@types/scheduler": "*",
        "csstype": "^3.0.2"
      }
    },
    "@types/react-dom": {
      "version": "file:../node_modules/@types/react-dom",
      "requires": {
        "@types/react": "*"
      }
    },
    "caniuse-lite": {
      "version": "1.0.30001430",
      "resolved": "https://registry.npmjs.org/caniuse-lite/-/caniuse-lite-1.0.30001430.tgz",
      "integrity": "sha512-IB1BXTZKPDVPM7cnV4iaKaHxckvdr/3xtctB3f7Hmenx3qYBhGtTZ//7EllK66aKXW98Lx0+7Yr0kxBtIt3tzg==",
      "peer": true
    },
    "client-only": {
      "version": "0.0.1",
      "resolved": "https://registry.npmjs.org/client-only/-/client-only-0.0.1.tgz",
      "integrity": "sha512-IV3Ou0jSMzZrd3pZ48nLkT9DA7Ag1pnPzaiQhpW7c3RbcqqzvzzVu+L8gfqMp/8IM2MQtSiqaCxrrcfu8I8rMA==",
      "peer": true
    },
    "moment": {
      "version": "2.29.4",
      "resolved": "https://registry.npmjs.org/moment/-/moment-2.29.4.tgz",
      "integrity": "sha512-5LC9SOxjSc2HF6vO2CyuTDNivEdoz2IvyJJGj6X8DJ0eFyfszE0QiEd+iXmBvUP3WHxSjFH/vIsA0EN00cgr8w=="
    },
    "nanoid": {
      "version": "3.3.4",
      "resolved": "https://registry.npmjs.org/nanoid/-/nanoid-3.3.4.tgz",
      "integrity": "sha512-MqBkQh/OHTS2egovRtLk45wEyNXwF+cokD+1YPf9u5VfJiRdAiRwB2froX5Co9Rh20xs4siNPm8naNotSD6RBw==",
      "peer": true
    },
    "next": {
      "version": "13.0.2",
      "resolved": "https://registry.npmjs.org/next/-/next-13.0.2.tgz",
      "integrity": "sha512-uQ5z5e4D9mOe8+upy6bQdYYjo/kk1v3jMW87kTy2TgAyAsEO+CkwRnMgyZ4JoHEnhPZLHwh7dk0XymRNLe1gFw==",
      "peer": true,
      "requires": {
        "@next/env": "13.0.2",
        "@next/swc-android-arm-eabi": "13.0.2",
        "@next/swc-android-arm64": "13.0.2",
        "@next/swc-darwin-arm64": "13.0.2",
        "@next/swc-darwin-x64": "13.0.2",
        "@next/swc-freebsd-x64": "13.0.2",
        "@next/swc-linux-arm-gnueabihf": "13.0.2",
        "@next/swc-linux-arm64-gnu": "13.0.2",
        "@next/swc-linux-arm64-musl": "13.0.2",
        "@next/swc-linux-x64-gnu": "13.0.2",
        "@next/swc-linux-x64-musl": "13.0.2",
        "@next/swc-win32-arm64-msvc": "13.0.2",
        "@next/swc-win32-ia32-msvc": "13.0.2",
        "@next/swc-win32-x64-msvc": "13.0.2",
        "@swc/helpers": "0.4.11",
        "caniuse-lite": "^1.0.30001406",
        "postcss": "8.4.14",
        "styled-jsx": "5.1.0",
        "use-sync-external-store": "1.2.0"
      }
    },
    "next-translate": {
      "version": "1.6.0",
      "resolved": "https://registry.npmjs.org/next-translate/-/next-translate-1.6.0.tgz",
      "integrity": "sha512-rmRBYOwPHvokN+5uH3O/SZqfRUVORLkgt/097mSaq3+CWcEtXEjkVrfBZpYwZ8W3og4QVd+uphYX//qegnIbRg==",
      "requires": {}
    },
    "gantt-task-react": {
      "version": "file:..",
      "requires": {
        "@testing-library/jest-dom": "^5.16.4",
        "@testing-library/react": "^13.3.0",
        "@testing-library/user-event": "^14.2.1",
        "@types/jest": "^27.5.1",
        "@types/node": "^15.0.1",
        "@types/react": "^18.0.5",
        "@types/react-dom": "^18.0.5",
        "cross-env": "^7.0.3",
        "gh-pages": "^3.1.0",
        "microbundle-crl": "^0.13.11",
        "mini-css-extract-plugin": "^2.5.1",
        "npm-run-all": "^4.1.5",
        "postcss-flexbugs-fixes": "^5.0.2",
        "postcss-normalize": "^10.0.1",
        "postcss-preset-env": "^7.6.0",
        "prettier": "^2.7.1",
        "react": "^18.2.0",
        "react-dom": "^18.2.0",
        "react-scripts": "^5.0.1",
        "typescript": "^4.7.4"
      },
      "dependencies": {
        "@testing-library/jest-dom": {
          "version": "5.16.4",
          "requires": {
            "@babel/runtime": "^7.9.2",
            "@types/testing-library__jest-dom": "^5.9.1",
            "aria-query": "^5.0.0",
            "chalk": "^3.0.0",
            "css": "^3.0.0",
            "css.escape": "^1.5.1",
            "dom-accessibility-api": "^0.5.6",
            "lodash": "^4.17.15",
            "redent": "^3.0.0"
          }
        },
        "@testing-library/react": {
          "version": "11.2.7",
          "requires": {
            "@babel/runtime": "^7.12.5",
            "@testing-library/dom": "^7.28.1"
          }
        },
        "@testing-library/user-event": {
          "version": "13.5.0",
          "requires": {
            "@babel/runtime": "^7.12.5"
          }
        },
        "@types/jest": {
          "version": "26.0.24",
          "requires": {
            "jest-diff": "^26.0.0",
            "pretty-format": "^26.0.0"
          }
        },
        "@types/node": {
          "version": "15.14.9"
        },
        "@types/react": {
          "version": "18.0.9",
          "requires": {
            "@types/prop-types": "*",
            "@types/scheduler": "*",
            "csstype": "^3.0.2"
          }
        },
        "@types/react-dom": {
          "version": "18.0.4",
          "requires": {
            "@types/react": "*"
          }
        },
        "postcss-preset-env": {
          "version": "7.5.0",
          "requires": {
            "@csstools/postcss-color-function": "^1.1.0",
            "@csstools/postcss-font-format-keywords": "^1.0.0",
            "@csstools/postcss-hwb-function": "^1.0.0",
            "@csstools/postcss-ic-unit": "^1.0.0",
            "@csstools/postcss-is-pseudo-class": "^2.0.2",
            "@csstools/postcss-normalize-display-values": "^1.0.0",
            "@csstools/postcss-oklab-function": "^1.1.0",
            "@csstools/postcss-progressive-custom-properties": "^1.3.0",
            "@csstools/postcss-stepped-value-functions": "^1.0.0",
            "@csstools/postcss-unset-value": "^1.0.0",
            "autoprefixer": "^10.4.6",
            "browserslist": "^4.20.3",
            "css-blank-pseudo": "^3.0.3",
            "css-has-pseudo": "^3.0.4",
            "css-prefers-color-scheme": "^6.0.3",
            "cssdb": "^6.6.1",
            "postcss-attribute-case-insensitive": "^5.0.0",
            "postcss-clamp": "^4.1.0",
            "postcss-color-functional-notation": "^4.2.2",
            "postcss-color-hex-alpha": "^8.0.3",
            "postcss-color-rebeccapurple": "^7.0.2",
            "postcss-custom-media": "^8.0.0",
            "postcss-custom-properties": "^12.1.7",
            "postcss-custom-selectors": "^6.0.0",
            "postcss-dir-pseudo-class": "^6.0.4",
            "postcss-double-position-gradients": "^3.1.1",
            "postcss-env-function": "^4.0.6",
            "postcss-focus-visible": "^6.0.4",
            "postcss-focus-within": "^5.0.4",
            "postcss-font-variant": "^5.0.0",
            "postcss-gap-properties": "^3.0.3",
            "postcss-image-set-function": "^4.0.6",
            "postcss-initial": "^4.0.1",
            "postcss-lab-function": "^4.2.0",
            "postcss-logical": "^5.0.4",
            "postcss-media-minmax": "^5.0.0",
            "postcss-nesting": "^10.1.4",
            "postcss-opacity-percentage": "^1.1.2",
            "postcss-overflow-shorthand": "^3.0.3",
            "postcss-page-break": "^3.0.4",
            "postcss-place": "^7.0.4",
            "postcss-pseudo-class-any-link": "^7.1.2",
            "postcss-replace-overflow-wrap": "^4.0.0",
            "postcss-selector-not": "^5.0.0",
            "postcss-value-parser": "^4.2.0"
          }
        },
        "react": {
          "version": "18.1.0",
          "requires": {
            "loose-envify": "^1.1.0"
          }
        },
        "react-dom": {
          "version": "18.1.0",
          "requires": {
            "loose-envify": "^1.1.0",
            "scheduler": "^0.22.0"
          }
        },
        "react-scripts": {
          "version": "2.1.8",
          "requires": {
            "@babel/core": "7.2.2",
            "@svgr/webpack": "4.1.0",
            "babel-core": "7.0.0-bridge.0",
            "babel-eslint": "9.0.0",
            "babel-jest": "23.6.0",
            "babel-loader": "8.0.5",
            "babel-plugin-named-asset-import": "^0.3.1",
            "babel-preset-react-app": "^7.0.2",
            "bfj": "6.1.1",
            "case-sensitive-paths-webpack-plugin": "2.2.0",
            "css-loader": "1.0.0",
            "dotenv": "6.0.0",
            "dotenv-expand": "4.2.0",
            "eslint": "5.12.0",
            "eslint-config-react-app": "^3.0.8",
            "eslint-loader": "2.1.1",
            "eslint-plugin-flowtype": "2.50.1",
            "eslint-plugin-import": "2.14.0",
            "eslint-plugin-jsx-a11y": "6.1.2",
            "eslint-plugin-react": "7.12.4",
            "file-loader": "2.0.0",
            "fs-extra": "7.0.1",
            "fsevents": "1.2.4",
            "html-webpack-plugin": "4.0.0-alpha.2",
            "identity-obj-proxy": "3.0.0",
            "jest": "23.6.0",
            "jest-pnp-resolver": "1.0.2",
            "jest-resolve": "23.6.0",
            "jest-watch-typeahead": "^0.2.1",
            "mini-css-extract-plugin": "0.5.0",
            "optimize-css-assets-webpack-plugin": "5.0.1",
            "pnp-webpack-plugin": "1.2.1",
            "postcss-flexbugs-fixes": "4.1.0",
            "postcss-loader": "3.0.0",
            "postcss-preset-env": "6.5.0",
            "postcss-safe-parser": "4.0.1",
            "react-app-polyfill": "^0.2.2",
            "react-dev-utils": "^8.0.0",
            "resolve": "1.10.0",
            "sass-loader": "7.1.0",
            "style-loader": "0.23.1",
            "terser-webpack-plugin": "1.2.2",
            "url-loader": "1.1.2",
            "webpack": "4.28.3",
            "webpack-dev-server": "3.1.14",
            "webpack-manifest-plugin": "2.0.4",
            "workbox-webpack-plugin": "3.6.3"
          }
        }
      }
    },
    "picocolors": {
      "version": "1.0.0",
      "resolved": "https://registry.npmjs.org/picocolors/-/picocolors-1.0.0.tgz",
      "integrity": "sha512-1fygroTLlHu66zi26VoTDv8yRgm0Fccecssto+MhsZ0D/DGW2sm8E8AjW7NU5VVTRt5GxbeZ5qBuJr+HyLYkjQ==",
      "peer": true
    },
    "postcss": {
      "version": "8.4.14",
      "resolved": "https://registry.npmjs.org/postcss/-/postcss-8.4.14.tgz",
      "integrity": "sha512-E398TUmfAYFPBSdzgeieK2Y1+1cpdxJx8yXbK/m57nRhKSmk1GB2tO4lbLBtlkfPQTDKfe4Xqv1ASWPpayPEig==",
      "peer": true,
      "requires": {
        "nanoid": "^3.3.4",
        "picocolors": "^1.0.0",
        "source-map-js": "^1.0.2"
      }
    },
    "postcss-preset-env": {
      "version": "file:../node_modules/postcss-preset-env",
      "requires": {
        "@csstools/postcss-color-function": "^1.1.0",
        "@csstools/postcss-font-format-keywords": "^1.0.0",
        "@csstools/postcss-hwb-function": "^1.0.0",
        "@csstools/postcss-ic-unit": "^1.0.0",
        "@csstools/postcss-is-pseudo-class": "^2.0.2",
        "@csstools/postcss-normalize-display-values": "^1.0.0",
        "@csstools/postcss-oklab-function": "^1.1.0",
        "@csstools/postcss-progressive-custom-properties": "^1.3.0",
        "@csstools/postcss-stepped-value-functions": "^1.0.0",
        "@csstools/postcss-unset-value": "^1.0.0",
        "autoprefixer": "^10.4.6",
        "browserslist": "^4.20.3",
        "css-blank-pseudo": "^3.0.3",
        "css-has-pseudo": "^3.0.4",
        "css-prefers-color-scheme": "^6.0.3",
        "cssdb": "^6.6.1",
        "postcss-attribute-case-insensitive": "^5.0.0",
        "postcss-clamp": "^4.1.0",
        "postcss-color-functional-notation": "^4.2.2",
        "postcss-color-hex-alpha": "^8.0.3",
        "postcss-color-rebeccapurple": "^7.0.2",
        "postcss-custom-media": "^8.0.0",
        "postcss-custom-properties": "^12.1.7",
        "postcss-custom-selectors": "^6.0.0",
        "postcss-dir-pseudo-class": "^6.0.4",
        "postcss-double-position-gradients": "^3.1.1",
        "postcss-env-function": "^4.0.6",
        "postcss-focus-visible": "^6.0.4",
        "postcss-focus-within": "^5.0.4",
        "postcss-font-variant": "^5.0.0",
        "postcss-gap-properties": "^3.0.3",
        "postcss-image-set-function": "^4.0.6",
        "postcss-initial": "^4.0.1",
        "postcss-lab-function": "^4.2.0",
        "postcss-logical": "^5.0.4",
        "postcss-media-minmax": "^5.0.0",
        "postcss-nesting": "^10.1.4",
        "postcss-opacity-percentage": "^1.1.2",
        "postcss-overflow-shorthand": "^3.0.3",
        "postcss-page-break": "^3.0.4",
        "postcss-place": "^7.0.4",
        "postcss-pseudo-class-any-link": "^7.1.2",
        "postcss-replace-overflow-wrap": "^4.0.0",
        "postcss-selector-not": "^5.0.0",
        "postcss-value-parser": "^4.2.0"
      }
    },
    "react": {
      "version": "file:../node_modules/react",
      "requires": {
        "loose-envify": "^1.1.0"
      }
    },
    "react-dom": {
      "version": "file:../node_modules/react-dom",
      "requires": {
        "loose-envify": "^1.1.0",
        "scheduler": "^0.22.0"
      }
    },
    "react-scripts": {
      "version": "file:../node_modules/react-scripts",
      "requires": {
        "@babel/core": "7.2.2",
        "@svgr/webpack": "4.1.0",
        "babel-core": "7.0.0-bridge.0",
        "babel-eslint": "9.0.0",
        "babel-jest": "23.6.0",
        "babel-loader": "8.0.5",
        "babel-plugin-named-asset-import": "^0.3.1",
        "babel-preset-react-app": "^7.0.2",
        "bfj": "6.1.1",
        "case-sensitive-paths-webpack-plugin": "2.2.0",
        "css-loader": "1.0.0",
        "dotenv": "6.0.0",
        "dotenv-expand": "4.2.0",
        "eslint": "5.12.0",
        "eslint-config-react-app": "^3.0.8",
        "eslint-loader": "2.1.1",
        "eslint-plugin-flowtype": "2.50.1",
        "eslint-plugin-import": "2.14.0",
        "eslint-plugin-jsx-a11y": "6.1.2",
        "eslint-plugin-react": "7.12.4",
        "file-loader": "2.0.0",
        "fs-extra": "7.0.1",
        "fsevents": "1.2.4",
        "html-webpack-plugin": "4.0.0-alpha.2",
        "identity-obj-proxy": "3.0.0",
        "jest": "23.6.0",
        "jest-pnp-resolver": "1.0.2",
        "jest-resolve": "23.6.0",
        "jest-watch-typeahead": "^0.2.1",
        "mini-css-extract-plugin": "0.5.0",
        "optimize-css-assets-webpack-plugin": "5.0.1",
        "pnp-webpack-plugin": "1.2.1",
        "postcss-flexbugs-fixes": "4.1.0",
        "postcss-loader": "3.0.0",
        "postcss-preset-env": "6.5.0",
        "postcss-safe-parser": "4.0.1",
        "react-app-polyfill": "^0.2.2",
        "react-dev-utils": "^8.0.0",
        "resolve": "1.10.0",
        "sass-loader": "7.1.0",
        "style-loader": "0.23.1",
        "terser-webpack-plugin": "1.2.2",
        "url-loader": "1.1.2",
        "webpack": "4.28.3",
        "webpack-dev-server": "3.1.14",
        "webpack-manifest-plugin": "2.0.4",
        "workbox-webpack-plugin": "3.6.3"
      }
    },
    "source-map-js": {
      "version": "1.0.2",
      "resolved": "https://registry.npmjs.org/source-map-js/-/source-map-js-1.0.2.tgz",
      "integrity": "sha512-R0XvVJ9WusLiqTCEiGCmICCMplcCkIwwR11mOSD9CR5u+IXYdiseeEuXCVAjS54zqwkLcPNnmU4OeJ6tUrWhDw==",
      "peer": true
    },
    "styled-jsx": {
      "version": "5.1.0",
      "resolved": "https://registry.npmjs.org/styled-jsx/-/styled-jsx-5.1.0.tgz",
      "integrity": "sha512-/iHaRJt9U7T+5tp6TRelLnqBqiaIT0HsO0+vgyj8hK2KUk7aejFqRrumqPUlAqDwAj8IbS/1hk3IhBAAK/FCUQ==",
      "peer": true,
      "requires": {
        "client-only": "0.0.1"
      }
    },
    "tslib": {
      "version": "2.4.1",
      "resolved": "https://registry.npmjs.org/tslib/-/tslib-2.4.1.tgz",
      "integrity": "sha512-tGyy4dAjRIEwI7BzsB0lynWgOpfqjUdq91XXAlIWD2OwKBH7oCl/GZG/HT4BOHrTlPMOASlMQ7veyTqpmRcrNA==",
      "peer": true
    },
    "use-sync-external-store": {
      "version": "1.2.0",
      "resolved": "https://registry.npmjs.org/use-sync-external-store/-/use-sync-external-store-1.2.0.tgz",
      "integrity": "sha512-eEgnFxGQ1Ife9bzYs6VLi8/4X6CObHMw9Qr9tPY43iKwsPw8xE8+EFsf/2cFZ5S3esXgpWgtSCtLNS41F+sKPA==",
      "peer": true,
      "requires": {}
    }
  }
}
